// !$*UTF8*$!
{
	archiveVersion = 1;
	classes = {
	};
	objectVersion = 50;
	objects = {

/* Begin PBXBuildFile section */
		202DD496229137570052F804 /* AppDelegate.swift in Sources */ = {isa = PBXBuildFile; fileRef = 202DD495229137570052F804 /* AppDelegate.swift */; };
		202DD498229137570052F804 /* ViewController.swift in Sources */ = {isa = PBXBuildFile; fileRef = 202DD497229137570052F804 /* ViewController.swift */; };
		202DD49B229137570052F804 /* Main.storyboard in Resources */ = {isa = PBXBuildFile; fileRef = 202DD499229137570052F804 /* Main.storyboard */; };
		202DD49D229137570052F804 /* Assets.xcassets in Resources */ = {isa = PBXBuildFile; fileRef = 202DD49C229137570052F804 /* Assets.xcassets */; };
		202DD4A0229137570052F804 /* LaunchScreen.storyboard in Resources */ = {isa = PBXBuildFile; fileRef = 202DD49E229137570052F804 /* LaunchScreen.storyboard */; };
		202DD4AB229137580052F804 /* TweetsFeltTests.swift in Sources */ = {isa = PBXBuildFile; fileRef = 202DD4AA229137580052F804 /* TweetsFeltTests.swift */; };
		202DD4B6229137580052F804 /* TweetsFeltUITests.swift in Sources */ = {isa = PBXBuildFile; fileRef = 202DD4B5229137580052F804 /* TweetsFeltUITests.swift */; };
		202DD4CD229152EE0052F804 /* TimelineRequestParams.swift in Sources */ = {isa = PBXBuildFile; fileRef = 202DD4CC229152EE0052F804 /* TimelineRequestParams.swift */; };
		202DD4D12291532D0052F804 /* Endpoint.swift in Sources */ = {isa = PBXBuildFile; fileRef = 202DD4D02291532D0052F804 /* Endpoint.swift */; };
		202DD4D4229162140052F804 /* NetworkProtocol.swift in Sources */ = {isa = PBXBuildFile; fileRef = 202DD4D3229162140052F804 /* NetworkProtocol.swift */; };
		202DD4D62291628A0052F804 /* NetworkClient.swift in Sources */ = {isa = PBXBuildFile; fileRef = 202DD4D52291628A0052F804 /* NetworkClient.swift */; };
		202DD4D8229163210052F804 /* Alamofire.framework in Frameworks */ = {isa = PBXBuildFile; fileRef = 202DD4D7229163210052F804 /* Alamofire.framework */; };
		202DD4DA229167380052F804 /* TwitterAPIService.swift in Sources */ = {isa = PBXBuildFile; fileRef = 202DD4D9229167380052F804 /* TwitterAPIService.swift */; };
		202DD4DE22917E8E0052F804 /* Keys.framework in Frameworks */ = {isa = PBXBuildFile; fileRef = 202DD4DD22917E8E0052F804 /* Keys.framework */; };
		202DD4DF22917EAB0052F804 /* Keys.framework in Sources */ = {isa = PBXBuildFile; fileRef = 202DD4DD22917E8E0052F804 /* Keys.framework */; };
		204C66A222918F9400CBAA2D /* NetworkConstants.swift in Sources */ = {isa = PBXBuildFile; fileRef = 204C66A122918F9400CBAA2D /* NetworkConstants.swift */; };
		204C66A42291B21500CBAA2D /* TwitterError.swift in Sources */ = {isa = PBXBuildFile; fileRef = 204C66A32291B21500CBAA2D /* TwitterError.swift */; };
		204C66AC2292004A00CBAA2D /* TwitterUser.swift in Sources */ = {isa = PBXBuildFile; fileRef = 204C66AB2292004A00CBAA2D /* TwitterUser.swift */; };
		204C66AE2292038400CBAA2D /* Tweet.swift in Sources */ = {isa = PBXBuildFile; fileRef = 204C66AD2292038400CBAA2D /* Tweet.swift */; };
		204C66B02292046700CBAA2D /* TwitterTimeline.swift in Sources */ = {isa = PBXBuildFile; fileRef = 204C66AF2292046700CBAA2D /* TwitterTimeline.swift */; };
		598916D68F806269C8EC8DCC /* Pods_TweetsFeltTests.framework in Frameworks */ = {isa = PBXBuildFile; fileRef = F3D6D16C76650C2A6F7553F5 /* Pods_TweetsFeltTests.framework */; };
		BA37EB5689EA37429DDBCEF4 /* Pods_TweetsFelt.framework in Frameworks */ = {isa = PBXBuildFile; fileRef = 58295FC053581F7D5CAAA0A3 /* Pods_TweetsFelt.framework */; };
		FFF548FF9F6EB05EE1FD8A36 /* Pods_TweetsFeltUITests.framework in Frameworks */ = {isa = PBXBuildFile; fileRef = E1F78B7FFD21B892FBD5E91B /* Pods_TweetsFeltUITests.framework */; };
/* End PBXBuildFile section */

/* Begin PBXContainerItemProxy section */
		202DD4A7229137580052F804 /* PBXContainerItemProxy */ = {
			isa = PBXContainerItemProxy;
			containerPortal = 202DD48A229137570052F804 /* Project object */;
			proxyType = 1;
			remoteGlobalIDString = 202DD491229137570052F804;
			remoteInfo = TweetsFelt;
		};
		202DD4B2229137580052F804 /* PBXContainerItemProxy */ = {
			isa = PBXContainerItemProxy;
			containerPortal = 202DD48A229137570052F804 /* Project object */;
			proxyType = 1;
			remoteGlobalIDString = 202DD491229137570052F804;
			remoteInfo = TweetsFelt;
		};
/* End PBXContainerItemProxy section */

/* Begin PBXFileReference section */
		0A249008AFB393A4C8D65A61 /* Pods-TweetsFeltUITests.debug.xcconfig */ = {isa = PBXFileReference; includeInIndex = 1; lastKnownFileType = text.xcconfig; name = "Pods-TweetsFeltUITests.debug.xcconfig"; path = "Pods/Target Support Files/Pods-TweetsFeltUITests/Pods-TweetsFeltUITests.debug.xcconfig"; sourceTree = "<group>"; };
		0C5F0733DB9A6CDF45A5BA5D /* Pods-TweetsFelt.debug.xcconfig */ = {isa = PBXFileReference; includeInIndex = 1; lastKnownFileType = text.xcconfig; name = "Pods-TweetsFelt.debug.xcconfig"; path = "Pods/Target Support Files/Pods-TweetsFelt/Pods-TweetsFelt.debug.xcconfig"; sourceTree = "<group>"; };
		202DD492229137570052F804 /* TweetsFelt.app */ = {isa = PBXFileReference; explicitFileType = wrapper.application; includeInIndex = 0; path = TweetsFelt.app; sourceTree = BUILT_PRODUCTS_DIR; };
		202DD495229137570052F804 /* AppDelegate.swift */ = {isa = PBXFileReference; lastKnownFileType = sourcecode.swift; path = AppDelegate.swift; sourceTree = "<group>"; };
		202DD497229137570052F804 /* ViewController.swift */ = {isa = PBXFileReference; lastKnownFileType = sourcecode.swift; path = ViewController.swift; sourceTree = "<group>"; };
		202DD49A229137570052F804 /* Base */ = {isa = PBXFileReference; lastKnownFileType = file.storyboard; name = Base; path = Base.lproj/Main.storyboard; sourceTree = "<group>"; };
		202DD49C229137570052F804 /* Assets.xcassets */ = {isa = PBXFileReference; lastKnownFileType = folder.assetcatalog; path = Assets.xcassets; sourceTree = "<group>"; };
		202DD49F229137570052F804 /* Base */ = {isa = PBXFileReference; lastKnownFileType = file.storyboard; name = Base; path = Base.lproj/LaunchScreen.storyboard; sourceTree = "<group>"; };
		202DD4A1229137570052F804 /* Info.plist */ = {isa = PBXFileReference; lastKnownFileType = text.plist.xml; path = Info.plist; sourceTree = "<group>"; };
		202DD4A6229137580052F804 /* TweetsFeltTests.xctest */ = {isa = PBXFileReference; explicitFileType = wrapper.cfbundle; includeInIndex = 0; path = TweetsFeltTests.xctest; sourceTree = BUILT_PRODUCTS_DIR; };
		202DD4AA229137580052F804 /* TweetsFeltTests.swift */ = {isa = PBXFileReference; lastKnownFileType = sourcecode.swift; path = TweetsFeltTests.swift; sourceTree = "<group>"; };
		202DD4AC229137580052F804 /* Info.plist */ = {isa = PBXFileReference; lastKnownFileType = text.plist.xml; path = Info.plist; sourceTree = "<group>"; };
		202DD4B1229137580052F804 /* TweetsFeltUITests.xctest */ = {isa = PBXFileReference; explicitFileType = wrapper.cfbundle; includeInIndex = 0; path = TweetsFeltUITests.xctest; sourceTree = BUILT_PRODUCTS_DIR; };
		202DD4B5229137580052F804 /* TweetsFeltUITests.swift */ = {isa = PBXFileReference; lastKnownFileType = sourcecode.swift; path = TweetsFeltUITests.swift; sourceTree = "<group>"; };
		202DD4B7229137580052F804 /* Info.plist */ = {isa = PBXFileReference; lastKnownFileType = text.plist.xml; path = Info.plist; sourceTree = "<group>"; };
		202DD4CC229152EE0052F804 /* TimelineRequestParams.swift */ = {isa = PBXFileReference; lastKnownFileType = sourcecode.swift; path = TimelineRequestParams.swift; sourceTree = "<group>"; };
		202DD4D02291532D0052F804 /* Endpoint.swift */ = {isa = PBXFileReference; lastKnownFileType = sourcecode.swift; path = Endpoint.swift; sourceTree = "<group>"; };
		202DD4D3229162140052F804 /* NetworkProtocol.swift */ = {isa = PBXFileReference; lastKnownFileType = sourcecode.swift; path = NetworkProtocol.swift; sourceTree = "<group>"; };
		202DD4D52291628A0052F804 /* NetworkClient.swift */ = {isa = PBXFileReference; lastKnownFileType = sourcecode.swift; path = NetworkClient.swift; sourceTree = "<group>"; };
		202DD4D7229163210052F804 /* Alamofire.framework */ = {isa = PBXFileReference; explicitFileType = wrapper.framework; path = Alamofire.framework; sourceTree = BUILT_PRODUCTS_DIR; };
		202DD4D9229167380052F804 /* TwitterAPIService.swift */ = {isa = PBXFileReference; lastKnownFileType = sourcecode.swift; path = TwitterAPIService.swift; sourceTree = "<group>"; };
		202DD4DB22917DDE0052F804 /* Keys.framework */ = {isa = PBXFileReference; explicitFileType = wrapper.framework; path = Keys.framework; sourceTree = BUILT_PRODUCTS_DIR; };
		202DD4DD22917E8E0052F804 /* Keys.framework */ = {isa = PBXFileReference; explicitFileType = wrapper.framework; path = Keys.framework; sourceTree = BUILT_PRODUCTS_DIR; };
		204C66A122918F9400CBAA2D /* NetworkConstants.swift */ = {isa = PBXFileReference; lastKnownFileType = sourcecode.swift; path = NetworkConstants.swift; sourceTree = "<group>"; };
		204C66A32291B21500CBAA2D /* TwitterError.swift */ = {isa = PBXFileReference; lastKnownFileType = sourcecode.swift; path = TwitterError.swift; sourceTree = "<group>"; };
		204C66AB2292004A00CBAA2D /* TwitterUser.swift */ = {isa = PBXFileReference; lastKnownFileType = sourcecode.swift; path = TwitterUser.swift; sourceTree = "<group>"; };
		204C66AD2292038400CBAA2D /* Tweet.swift */ = {isa = PBXFileReference; lastKnownFileType = sourcecode.swift; path = Tweet.swift; sourceTree = "<group>"; };
		204C66AF2292046700CBAA2D /* TwitterTimeline.swift */ = {isa = PBXFileReference; lastKnownFileType = sourcecode.swift; path = TwitterTimeline.swift; sourceTree = "<group>"; };
		3D6052042E34386E016EEE3C /* Pods-TweetsFeltUITests.release.xcconfig */ = {isa = PBXFileReference; includeInIndex = 1; lastKnownFileType = text.xcconfig; name = "Pods-TweetsFeltUITests.release.xcconfig"; path = "Pods/Target Support Files/Pods-TweetsFeltUITests/Pods-TweetsFeltUITests.release.xcconfig"; sourceTree = "<group>"; };
		471C747908C849791358E300 /* Pods-TweetsFeltTests.release.xcconfig */ = {isa = PBXFileReference; includeInIndex = 1; lastKnownFileType = text.xcconfig; name = "Pods-TweetsFeltTests.release.xcconfig"; path = "Pods/Target Support Files/Pods-TweetsFeltTests/Pods-TweetsFeltTests.release.xcconfig"; sourceTree = "<group>"; };
		58295FC053581F7D5CAAA0A3 /* Pods_TweetsFelt.framework */ = {isa = PBXFileReference; explicitFileType = wrapper.framework; includeInIndex = 0; path = Pods_TweetsFelt.framework; sourceTree = BUILT_PRODUCTS_DIR; };
		D10CAE4BA918391150CD18CB /* Pods-TweetsFeltTests.debug.xcconfig */ = {isa = PBXFileReference; includeInIndex = 1; lastKnownFileType = text.xcconfig; name = "Pods-TweetsFeltTests.debug.xcconfig"; path = "Pods/Target Support Files/Pods-TweetsFeltTests/Pods-TweetsFeltTests.debug.xcconfig"; sourceTree = "<group>"; };
		E1F78B7FFD21B892FBD5E91B /* Pods_TweetsFeltUITests.framework */ = {isa = PBXFileReference; explicitFileType = wrapper.framework; includeInIndex = 0; path = Pods_TweetsFeltUITests.framework; sourceTree = BUILT_PRODUCTS_DIR; };
		F3D6D16C76650C2A6F7553F5 /* Pods_TweetsFeltTests.framework */ = {isa = PBXFileReference; explicitFileType = wrapper.framework; includeInIndex = 0; path = Pods_TweetsFeltTests.framework; sourceTree = BUILT_PRODUCTS_DIR; };
		F8CEB0F841BD5D924BF59BEA /* Pods-TweetsFelt.release.xcconfig */ = {isa = PBXFileReference; includeInIndex = 1; lastKnownFileType = text.xcconfig; name = "Pods-TweetsFelt.release.xcconfig"; path = "Pods/Target Support Files/Pods-TweetsFelt/Pods-TweetsFelt.release.xcconfig"; sourceTree = "<group>"; };
/* End PBXFileReference section */

/* Begin PBXFrameworksBuildPhase section */
		202DD48F229137570052F804 /* Frameworks */ = {
			isa = PBXFrameworksBuildPhase;
			buildActionMask = 2147483647;
			files = (
				202DD4DE22917E8E0052F804 /* Keys.framework in Frameworks */,
				202DD4D8229163210052F804 /* Alamofire.framework in Frameworks */,
				BA37EB5689EA37429DDBCEF4 /* Pods_TweetsFelt.framework in Frameworks */,
			);
			runOnlyForDeploymentPostprocessing = 0;
		};
		202DD4A3229137580052F804 /* Frameworks */ = {
			isa = PBXFrameworksBuildPhase;
			buildActionMask = 2147483647;
			files = (
				598916D68F806269C8EC8DCC /* Pods_TweetsFeltTests.framework in Frameworks */,
			);
			runOnlyForDeploymentPostprocessing = 0;
		};
		202DD4AE229137580052F804 /* Frameworks */ = {
			isa = PBXFrameworksBuildPhase;
			buildActionMask = 2147483647;
			files = (
				FFF548FF9F6EB05EE1FD8A36 /* Pods_TweetsFeltUITests.framework in Frameworks */,
			);
			runOnlyForDeploymentPostprocessing = 0;
		};
/* End PBXFrameworksBuildPhase section */

/* Begin PBXGroup section */
		202DD489229137570052F804 = {
			isa = PBXGroup;
			children = (
				202DD494229137570052F804 /* TweetsFelt */,
				202DD4A9229137580052F804 /* TweetsFeltTests */,
				202DD4B4229137580052F804 /* TweetsFeltUITests */,
				202DD493229137570052F804 /* Products */,
				78359873AECA8A4954DD0723 /* Pods */,
				89CE0C28E061674B2ACA97C9 /* Frameworks */,
			);
			sourceTree = "<group>";
		};
		202DD493229137570052F804 /* Products */ = {
			isa = PBXGroup;
			children = (
				202DD492229137570052F804 /* TweetsFelt.app */,
				202DD4A6229137580052F804 /* TweetsFeltTests.xctest */,
				202DD4B1229137580052F804 /* TweetsFeltUITests.xctest */,
			);
			name = Products;
			sourceTree = "<group>";
		};
		202DD494229137570052F804 /* TweetsFelt */ = {
			isa = PBXGroup;
			children = (
				202DD4D2229161570052F804 /* Network */,
				202DD4C7229151DD0052F804 /* AppDelegate */,
				202DD4C32291516D0052F804 /* Configuration */,
				202DD4C42291517F0052F804 /* Controllers */,
				202DD4C9229151F50052F804 /* Models */,
				202DD4C6229151CF0052F804 /* Views */,
				202DD4C5229151AB0052F804 /* ViewModels */,
				202DD4CA2291523D0052F804 /* Services */,
				202DD4CB229152D80052F804 /* Enums */,
				202DD4C8229151E70052F804 /* Resources */,
			);
			path = TweetsFelt;
			sourceTree = "<group>";
		};
		202DD4A9229137580052F804 /* TweetsFeltTests */ = {
			isa = PBXGroup;
			children = (
				202DD4AA229137580052F804 /* TweetsFeltTests.swift */,
				202DD4AC229137580052F804 /* Info.plist */,
			);
			path = TweetsFeltTests;
			sourceTree = "<group>";
		};
		202DD4B4229137580052F804 /* TweetsFeltUITests */ = {
			isa = PBXGroup;
			children = (
				202DD4B5229137580052F804 /* TweetsFeltUITests.swift */,
				202DD4B7229137580052F804 /* Info.plist */,
			);
			path = TweetsFeltUITests;
			sourceTree = "<group>";
		};
		202DD4C32291516D0052F804 /* Configuration */ = {
			isa = PBXGroup;
			children = (
				202DD4A1229137570052F804 /* Info.plist */,
				204C66A122918F9400CBAA2D /* NetworkConstants.swift */,
			);
			path = Configuration;
			sourceTree = "<group>";
		};
		202DD4C42291517F0052F804 /* Controllers */ = {
			isa = PBXGroup;
			children = (
				202DD497229137570052F804 /* ViewController.swift */,
			);
			path = Controllers;
			sourceTree = "<group>";
		};
		202DD4C5229151AB0052F804 /* ViewModels */ = {
			isa = PBXGroup;
			children = (
			);
			path = ViewModels;
			sourceTree = "<group>";
		};
		202DD4C6229151CF0052F804 /* Views */ = {
			isa = PBXGroup;
			children = (
				202DD499229137570052F804 /* Main.storyboard */,
				202DD49E229137570052F804 /* LaunchScreen.storyboard */,
			);
			path = Views;
			sourceTree = "<group>";
		};
		202DD4C7229151DD0052F804 /* AppDelegate */ = {
			isa = PBXGroup;
			children = (
				202DD495229137570052F804 /* AppDelegate.swift */,
			);
			path = AppDelegate;
			sourceTree = "<group>";
		};
		202DD4C8229151E70052F804 /* Resources */ = {
			isa = PBXGroup;
			children = (
				202DD49C229137570052F804 /* Assets.xcassets */,
			);
			path = Resources;
			sourceTree = "<group>";
		};
		202DD4C9229151F50052F804 /* Models */ = {
			isa = PBXGroup;
			children = (
				202DD4D02291532D0052F804 /* Endpoint.swift */,
				204C66A32291B21500CBAA2D /* TwitterError.swift */,
				204C66AB2292004A00CBAA2D /* TwitterUser.swift */,
				204C66AD2292038400CBAA2D /* Tweet.swift */,
				204C66AF2292046700CBAA2D /* TwitterTimeline.swift */,
			);
			path = Models;
			sourceTree = "<group>";
		};
		202DD4CA2291523D0052F804 /* Services */ = {
			isa = PBXGroup;
			children = (
				202DD4D9229167380052F804 /* TwitterAPIService.swift */,
			);
			path = Services;
			sourceTree = "<group>";
		};
		202DD4CB229152D80052F804 /* Enums */ = {
			isa = PBXGroup;
			children = (
				202DD4CC229152EE0052F804 /* TimelineRequestParams.swift */,
			);
			path = Enums;
			sourceTree = "<group>";
		};
		202DD4D2229161570052F804 /* Network */ = {
			isa = PBXGroup;
			children = (
				202DD4D3229162140052F804 /* NetworkProtocol.swift */,
				202DD4D52291628A0052F804 /* NetworkClient.swift */,
			);
			path = Network;
			sourceTree = "<group>";
		};
		78359873AECA8A4954DD0723 /* Pods */ = {
			isa = PBXGroup;
			children = (
				0C5F0733DB9A6CDF45A5BA5D /* Pods-TweetsFelt.debug.xcconfig */,
				F8CEB0F841BD5D924BF59BEA /* Pods-TweetsFelt.release.xcconfig */,
				D10CAE4BA918391150CD18CB /* Pods-TweetsFeltTests.debug.xcconfig */,
				471C747908C849791358E300 /* Pods-TweetsFeltTests.release.xcconfig */,
				0A249008AFB393A4C8D65A61 /* Pods-TweetsFeltUITests.debug.xcconfig */,
				3D6052042E34386E016EEE3C /* Pods-TweetsFeltUITests.release.xcconfig */,
			);
			name = Pods;
			sourceTree = "<group>";
		};
		89CE0C28E061674B2ACA97C9 /* Frameworks */ = {
			isa = PBXGroup;
			children = (
				202DD4DD22917E8E0052F804 /* Keys.framework */,
				202DD4DB22917DDE0052F804 /* Keys.framework */,
				202DD4D7229163210052F804 /* Alamofire.framework */,
				58295FC053581F7D5CAAA0A3 /* Pods_TweetsFelt.framework */,
				F3D6D16C76650C2A6F7553F5 /* Pods_TweetsFeltTests.framework */,
				E1F78B7FFD21B892FBD5E91B /* Pods_TweetsFeltUITests.framework */,
			);
			name = Frameworks;
			sourceTree = "<group>";
		};
/* End PBXGroup section */

/* Begin PBXNativeTarget section */
		202DD491229137570052F804 /* TweetsFelt */ = {
			isa = PBXNativeTarget;
			buildConfigurationList = 202DD4BA229137580052F804 /* Build configuration list for PBXNativeTarget "TweetsFelt" */;
			buildPhases = (
				A6A2C7FC478509E654026176 /* [CP] Check Pods Manifest.lock */,
				202DD48E229137570052F804 /* Sources */,
				202DD48F229137570052F804 /* Frameworks */,
				202DD490229137570052F804 /* Resources */,
				F6CA6D33AA95F800800C16D1 /* [CP] Embed Pods Frameworks */,
			);
			buildRules = (
			);
			dependencies = (
			);
			name = TweetsFelt;
			productName = TweetsFelt;
			productReference = 202DD492229137570052F804 /* TweetsFelt.app */;
			productType = "com.apple.product-type.application";
		};
		202DD4A5229137580052F804 /* TweetsFeltTests */ = {
			isa = PBXNativeTarget;
			buildConfigurationList = 202DD4BD229137580052F804 /* Build configuration list for PBXNativeTarget "TweetsFeltTests" */;
			buildPhases = (
				20589D11FDA086C8ED74CCEF /* [CP] Check Pods Manifest.lock */,
				202DD4A2229137580052F804 /* Sources */,
				202DD4A3229137580052F804 /* Frameworks */,
				202DD4A4229137580052F804 /* Resources */,
			);
			buildRules = (
			);
			dependencies = (
				202DD4A8229137580052F804 /* PBXTargetDependency */,
			);
			name = TweetsFeltTests;
			productName = TweetsFeltTests;
			productReference = 202DD4A6229137580052F804 /* TweetsFeltTests.xctest */;
			productType = "com.apple.product-type.bundle.unit-test";
		};
		202DD4B0229137580052F804 /* TweetsFeltUITests */ = {
			isa = PBXNativeTarget;
			buildConfigurationList = 202DD4C0229137580052F804 /* Build configuration list for PBXNativeTarget "TweetsFeltUITests" */;
			buildPhases = (
				B8248C5B1BB874C2BE0CF9E7 /* [CP] Check Pods Manifest.lock */,
				202DD4AD229137580052F804 /* Sources */,
				202DD4AE229137580052F804 /* Frameworks */,
				202DD4AF229137580052F804 /* Resources */,
			);
			buildRules = (
			);
			dependencies = (
				202DD4B3229137580052F804 /* PBXTargetDependency */,
			);
			name = TweetsFeltUITests;
			productName = TweetsFeltUITests;
			productReference = 202DD4B1229137580052F804 /* TweetsFeltUITests.xctest */;
			productType = "com.apple.product-type.bundle.ui-testing";
		};
/* End PBXNativeTarget section */

/* Begin PBXProject section */
		202DD48A229137570052F804 /* Project object */ = {
			isa = PBXProject;
			attributes = {
				LastSwiftUpdateCheck = 1010;
				LastUpgradeCheck = 1010;
				ORGANIZATIONNAME = randika;
				TargetAttributes = {
					202DD491229137570052F804 = {
						CreatedOnToolsVersion = 10.1;
					};
					202DD4A5229137580052F804 = {
						CreatedOnToolsVersion = 10.1;
						TestTargetID = 202DD491229137570052F804;
					};
					202DD4B0229137580052F804 = {
						CreatedOnToolsVersion = 10.1;
						TestTargetID = 202DD491229137570052F804;
					};
				};
			};
			buildConfigurationList = 202DD48D229137570052F804 /* Build configuration list for PBXProject "TweetsFelt" */;
			compatibilityVersion = "Xcode 9.3";
			developmentRegion = en;
			hasScannedForEncodings = 0;
			knownRegions = (
				en,
				Base,
			);
			mainGroup = 202DD489229137570052F804;
			productRefGroup = 202DD493229137570052F804 /* Products */;
			projectDirPath = "";
			projectRoot = "";
			targets = (
				202DD491229137570052F804 /* TweetsFelt */,
				202DD4A5229137580052F804 /* TweetsFeltTests */,
				202DD4B0229137580052F804 /* TweetsFeltUITests */,
			);
		};
/* End PBXProject section */

/* Begin PBXResourcesBuildPhase section */
		202DD490229137570052F804 /* Resources */ = {
			isa = PBXResourcesBuildPhase;
			buildActionMask = 2147483647;
			files = (
				202DD4A0229137570052F804 /* LaunchScreen.storyboard in Resources */,
				202DD49D229137570052F804 /* Assets.xcassets in Resources */,
				202DD49B229137570052F804 /* Main.storyboard in Resources */,
			);
			runOnlyForDeploymentPostprocessing = 0;
		};
		202DD4A4229137580052F804 /* Resources */ = {
			isa = PBXResourcesBuildPhase;
			buildActionMask = 2147483647;
			files = (
			);
			runOnlyForDeploymentPostprocessing = 0;
		};
		202DD4AF229137580052F804 /* Resources */ = {
			isa = PBXResourcesBuildPhase;
			buildActionMask = 2147483647;
			files = (
			);
			runOnlyForDeploymentPostprocessing = 0;
		};
/* End PBXResourcesBuildPhase section */

/* Begin PBXShellScriptBuildPhase section */
		20589D11FDA086C8ED74CCEF /* [CP] Check Pods Manifest.lock */ = {
			isa = PBXShellScriptBuildPhase;
			buildActionMask = 2147483647;
			files = (
			);
			inputPaths = (
				"${PODS_PODFILE_DIR_PATH}/Podfile.lock",
				"${PODS_ROOT}/Manifest.lock",
			);
			name = "[CP] Check Pods Manifest.lock";
			outputPaths = (
				"$(DERIVED_FILE_DIR)/Pods-TweetsFeltTests-checkManifestLockResult.txt",
			);
			runOnlyForDeploymentPostprocessing = 0;
			shellPath = /bin/sh;
			shellScript = "diff \"${PODS_PODFILE_DIR_PATH}/Podfile.lock\" \"${PODS_ROOT}/Manifest.lock\" > /dev/null\nif [ $? != 0 ] ; then\n    # print error to STDERR\n    echo \"error: The sandbox is not in sync with the Podfile.lock. Run 'pod install' or update your CocoaPods installation.\" >&2\n    exit 1\nfi\n# This output is used by Xcode 'outputs' to avoid re-running this script phase.\necho \"SUCCESS\" > \"${SCRIPT_OUTPUT_FILE_0}\"\n";
			showEnvVarsInLog = 0;
		};
		A6A2C7FC478509E654026176 /* [CP] Check Pods Manifest.lock */ = {
			isa = PBXShellScriptBuildPhase;
			buildActionMask = 2147483647;
			files = (
			);
			inputPaths = (
				"${PODS_PODFILE_DIR_PATH}/Podfile.lock",
				"${PODS_ROOT}/Manifest.lock",
			);
			name = "[CP] Check Pods Manifest.lock";
			outputPaths = (
				"$(DERIVED_FILE_DIR)/Pods-TweetsFelt-checkManifestLockResult.txt",
			);
			runOnlyForDeploymentPostprocessing = 0;
			shellPath = /bin/sh;
			shellScript = "diff \"${PODS_PODFILE_DIR_PATH}/Podfile.lock\" \"${PODS_ROOT}/Manifest.lock\" > /dev/null\nif [ $? != 0 ] ; then\n    # print error to STDERR\n    echo \"error: The sandbox is not in sync with the Podfile.lock. Run 'pod install' or update your CocoaPods installation.\" >&2\n    exit 1\nfi\n# This output is used by Xcode 'outputs' to avoid re-running this script phase.\necho \"SUCCESS\" > \"${SCRIPT_OUTPUT_FILE_0}\"\n";
			showEnvVarsInLog = 0;
		};
		B8248C5B1BB874C2BE0CF9E7 /* [CP] Check Pods Manifest.lock */ = {
			isa = PBXShellScriptBuildPhase;
			buildActionMask = 2147483647;
			files = (
			);
			inputPaths = (
				"${PODS_PODFILE_DIR_PATH}/Podfile.lock",
				"${PODS_ROOT}/Manifest.lock",
			);
			name = "[CP] Check Pods Manifest.lock";
			outputPaths = (
				"$(DERIVED_FILE_DIR)/Pods-TweetsFeltUITests-checkManifestLockResult.txt",
			);
			runOnlyForDeploymentPostprocessing = 0;
			shellPath = /bin/sh;
			shellScript = "diff \"${PODS_PODFILE_DIR_PATH}/Podfile.lock\" \"${PODS_ROOT}/Manifest.lock\" > /dev/null\nif [ $? != 0 ] ; then\n    # print error to STDERR\n    echo \"error: The sandbox is not in sync with the Podfile.lock. Run 'pod install' or update your CocoaPods installation.\" >&2\n    exit 1\nfi\n# This output is used by Xcode 'outputs' to avoid re-running this script phase.\necho \"SUCCESS\" > \"${SCRIPT_OUTPUT_FILE_0}\"\n";
			showEnvVarsInLog = 0;
		};
		F6CA6D33AA95F800800C16D1 /* [CP] Embed Pods Frameworks */ = {
			isa = PBXShellScriptBuildPhase;
			buildActionMask = 2147483647;
			files = (
			);
			inputPaths = (
				"${SRCROOT}/Pods/Target Support Files/Pods-TweetsFelt/Pods-TweetsFelt-frameworks.sh",
				"${BUILT_PRODUCTS_DIR}/Alamofire/Alamofire.framework",
				"${BUILT_PRODUCTS_DIR}/Keys/Keys.framework",
				"${BUILT_PRODUCTS_DIR}/ObjectMapper/ObjectMapper.framework",
			);
			name = "[CP] Embed Pods Frameworks";
			outputPaths = (
				"${TARGET_BUILD_DIR}/${FRAMEWORKS_FOLDER_PATH}/Alamofire.framework",
				"${TARGET_BUILD_DIR}/${FRAMEWORKS_FOLDER_PATH}/Keys.framework",
				"${TARGET_BUILD_DIR}/${FRAMEWORKS_FOLDER_PATH}/ObjectMapper.framework",
			);
			runOnlyForDeploymentPostprocessing = 0;
			shellPath = /bin/sh;
			shellScript = "\"${SRCROOT}/Pods/Target Support Files/Pods-TweetsFelt/Pods-TweetsFelt-frameworks.sh\"\n";
			showEnvVarsInLog = 0;
		};
/* End PBXShellScriptBuildPhase section */

/* Begin PBXSourcesBuildPhase section */
		202DD48E229137570052F804 /* Sources */ = {
			isa = PBXSourcesBuildPhase;
			buildActionMask = 2147483647;
			files = (
				204C66A42291B21500CBAA2D /* TwitterError.swift in Sources */,
				204C66A222918F9400CBAA2D /* NetworkConstants.swift in Sources */,
				202DD4DF22917EAB0052F804 /* Keys.framework in Sources */,
				204C66AE2292038400CBAA2D /* Tweet.swift in Sources */,
				202DD498229137570052F804 /* ViewController.swift in Sources */,
				202DD4DA229167380052F804 /* TwitterAPIService.swift in Sources */,
				204C66B02292046700CBAA2D /* TwitterTimeline.swift in Sources */,
				202DD4CD229152EE0052F804 /* TimelineRequestParams.swift in Sources */,
				202DD4D4229162140052F804 /* NetworkProtocol.swift in Sources */,
				204C66AC2292004A00CBAA2D /* TwitterUser.swift in Sources */,
				202DD4D12291532D0052F804 /* Endpoint.swift in Sources */,
				202DD496229137570052F804 /* AppDelegate.swift in Sources */,
				202DD4D62291628A0052F804 /* NetworkClient.swift in Sources */,
			);
			runOnlyForDeploymentPostprocessing = 0;
		};
		202DD4A2229137580052F804 /* Sources */ = {
			isa = PBXSourcesBuildPhase;
			buildActionMask = 2147483647;
			files = (
				202DD4AB229137580052F804 /* TweetsFeltTests.swift in Sources */,
			);
			runOnlyForDeploymentPostprocessing = 0;
		};
		202DD4AD229137580052F804 /* Sources */ = {
			isa = PBXSourcesBuildPhase;
			buildActionMask = 2147483647;
			files = (
				202DD4B6229137580052F804 /* TweetsFeltUITests.swift in Sources */,
			);
			runOnlyForDeploymentPostprocessing = 0;
		};
/* End PBXSourcesBuildPhase section */

/* Begin PBXTargetDependency section */
		202DD4A8229137580052F804 /* PBXTargetDependency */ = {
			isa = PBXTargetDependency;
			target = 202DD491229137570052F804 /* TweetsFelt */;
			targetProxy = 202DD4A7229137580052F804 /* PBXContainerItemProxy */;
		};
		202DD4B3229137580052F804 /* PBXTargetDependency */ = {
			isa = PBXTargetDependency;
			target = 202DD491229137570052F804 /* TweetsFelt */;
			targetProxy = 202DD4B2229137580052F804 /* PBXContainerItemProxy */;
		};
/* End PBXTargetDependency section */

/* Begin PBXVariantGroup section */
		202DD499229137570052F804 /* Main.storyboard */ = {
			isa = PBXVariantGroup;
			children = (
				202DD49A229137570052F804 /* Base */,
			);
			name = Main.storyboard;
			sourceTree = "<group>";
		};
		202DD49E229137570052F804 /* LaunchScreen.storyboard */ = {
			isa = PBXVariantGroup;
			children = (
				202DD49F229137570052F804 /* Base */,
			);
			name = LaunchScreen.storyboard;
			sourceTree = "<group>";
		};
/* End PBXVariantGroup section */

/* Begin XCBuildConfiguration section */
		202DD4B8229137580052F804 /* Debug */ = {
			isa = XCBuildConfiguration;
			buildSettings = {
				ALWAYS_SEARCH_USER_PATHS = NO;
				CLANG_ANALYZER_NONNULL = YES;
				CLANG_ANALYZER_NUMBER_OBJECT_CONVERSION = YES_AGGRESSIVE;
				CLANG_CXX_LANGUAGE_STANDARD = "gnu++14";
				CLANG_CXX_LIBRARY = "libc++";
				CLANG_ENABLE_MODULES = YES;
				CLANG_ENABLE_OBJC_ARC = YES;
				CLANG_ENABLE_OBJC_WEAK = YES;
				CLANG_WARN_BLOCK_CAPTURE_AUTORELEASING = YES;
				CLANG_WARN_BOOL_CONVERSION = YES;
				CLANG_WARN_COMMA = YES;
				CLANG_WARN_CONSTANT_CONVERSION = YES;
				CLANG_WARN_DEPRECATED_OBJC_IMPLEMENTATIONS = YES;
				CLANG_WARN_DIRECT_OBJC_ISA_USAGE = YES_ERROR;
				CLANG_WARN_DOCUMENTATION_COMMENTS = YES;
				CLANG_WARN_EMPTY_BODY = YES;
				CLANG_WARN_ENUM_CONVERSION = YES;
				CLANG_WARN_INFINITE_RECURSION = YES;
				CLANG_WARN_INT_CONVERSION = YES;
				CLANG_WARN_NON_LITERAL_NULL_CONVERSION = YES;
				CLANG_WARN_OBJC_IMPLICIT_RETAIN_SELF = YES;
				CLANG_WARN_OBJC_LITERAL_CONVERSION = YES;
				CLANG_WARN_OBJC_ROOT_CLASS = YES_ERROR;
				CLANG_WARN_RANGE_LOOP_ANALYSIS = YES;
				CLANG_WARN_STRICT_PROTOTYPES = YES;
				CLANG_WARN_SUSPICIOUS_MOVE = YES;
				CLANG_WARN_UNGUARDED_AVAILABILITY = YES_AGGRESSIVE;
				CLANG_WARN_UNREACHABLE_CODE = YES;
				CLANG_WARN__DUPLICATE_METHOD_MATCH = YES;
				CODE_SIGN_IDENTITY = "iPhone Developer";
				COPY_PHASE_STRIP = NO;
				DEBUG_INFORMATION_FORMAT = dwarf;
				ENABLE_STRICT_OBJC_MSGSEND = YES;
				ENABLE_TESTABILITY = YES;
				GCC_C_LANGUAGE_STANDARD = gnu11;
				GCC_DYNAMIC_NO_PIC = NO;
				GCC_NO_COMMON_BLOCKS = YES;
				GCC_OPTIMIZATION_LEVEL = 0;
				GCC_PREPROCESSOR_DEFINITIONS = (
					"DEBUG=1",
					"$(inherited)",
				);
				GCC_WARN_64_TO_32_BIT_CONVERSION = YES;
				GCC_WARN_ABOUT_RETURN_TYPE = YES_ERROR;
				GCC_WARN_UNDECLARED_SELECTOR = YES;
				GCC_WARN_UNINITIALIZED_AUTOS = YES_AGGRESSIVE;
				GCC_WARN_UNUSED_FUNCTION = YES;
				GCC_WARN_UNUSED_VARIABLE = YES;
				IPHONEOS_DEPLOYMENT_TARGET = 12.1;
				MTL_ENABLE_DEBUG_INFO = INCLUDE_SOURCE;
				MTL_FAST_MATH = YES;
				ONLY_ACTIVE_ARCH = YES;
				SDKROOT = iphoneos;
				SWIFT_ACTIVE_COMPILATION_CONDITIONS = DEBUG;
				SWIFT_OPTIMIZATION_LEVEL = "-Onone";
			};
			name = Debug;
		};
		202DD4B9229137580052F804 /* Release */ = {
			isa = XCBuildConfiguration;
			buildSettings = {
				ALWAYS_SEARCH_USER_PATHS = NO;
				CLANG_ANALYZER_NONNULL = YES;
				CLANG_ANALYZER_NUMBER_OBJECT_CONVERSION = YES_AGGRESSIVE;
				CLANG_CXX_LANGUAGE_STANDARD = "gnu++14";
				CLANG_CXX_LIBRARY = "libc++";
				CLANG_ENABLE_MODULES = YES;
				CLANG_ENABLE_OBJC_ARC = YES;
				CLANG_ENABLE_OBJC_WEAK = YES;
				CLANG_WARN_BLOCK_CAPTURE_AUTORELEASING = YES;
				CLANG_WARN_BOOL_CONVERSION = YES;
				CLANG_WARN_COMMA = YES;
				CLANG_WARN_CONSTANT_CONVERSION = YES;
				CLANG_WARN_DEPRECATED_OBJC_IMPLEMENTATIONS = YES;
				CLANG_WARN_DIRECT_OBJC_ISA_USAGE = YES_ERROR;
				CLANG_WARN_DOCUMENTATION_COMMENTS = YES;
				CLANG_WARN_EMPTY_BODY = YES;
				CLANG_WARN_ENUM_CONVERSION = YES;
				CLANG_WARN_INFINITE_RECURSION = YES;
				CLANG_WARN_INT_CONVERSION = YES;
				CLANG_WARN_NON_LITERAL_NULL_CONVERSION = YES;
				CLANG_WARN_OBJC_IMPLICIT_RETAIN_SELF = YES;
				CLANG_WARN_OBJC_LITERAL_CONVERSION = YES;
				CLANG_WARN_OBJC_ROOT_CLASS = YES_ERROR;
				CLANG_WARN_RANGE_LOOP_ANALYSIS = YES;
				CLANG_WARN_STRICT_PROTOTYPES = YES;
				CLANG_WARN_SUSPICIOUS_MOVE = YES;
				CLANG_WARN_UNGUARDED_AVAILABILITY = YES_AGGRESSIVE;
				CLANG_WARN_UNREACHABLE_CODE = YES;
				CLANG_WARN__DUPLICATE_METHOD_MATCH = YES;
				CODE_SIGN_IDENTITY = "iPhone Developer";
				COPY_PHASE_STRIP = NO;
				DEBUG_INFORMATION_FORMAT = "dwarf-with-dsym";
				ENABLE_NS_ASSERTIONS = NO;
				ENABLE_STRICT_OBJC_MSGSEND = YES;
				GCC_C_LANGUAGE_STANDARD = gnu11;
				GCC_NO_COMMON_BLOCKS = YES;
				GCC_WARN_64_TO_32_BIT_CONVERSION = YES;
				GCC_WARN_ABOUT_RETURN_TYPE = YES_ERROR;
				GCC_WARN_UNDECLARED_SELECTOR = YES;
				GCC_WARN_UNINITIALIZED_AUTOS = YES_AGGRESSIVE;
				GCC_WARN_UNUSED_FUNCTION = YES;
				GCC_WARN_UNUSED_VARIABLE = YES;
				IPHONEOS_DEPLOYMENT_TARGET = 12.1;
				MTL_ENABLE_DEBUG_INFO = NO;
				MTL_FAST_MATH = YES;
				SDKROOT = iphoneos;
				SWIFT_COMPILATION_MODE = wholemodule;
				SWIFT_OPTIMIZATION_LEVEL = "-O";
				VALIDATE_PRODUCT = YES;
			};
			name = Release;
		};
		202DD4BB229137580052F804 /* Debug */ = {
			isa = XCBuildConfiguration;
			baseConfigurationReference = 0C5F0733DB9A6CDF45A5BA5D /* Pods-TweetsFelt.debug.xcconfig */;
			buildSettings = {
				ASSETCATALOG_COMPILER_APPICON_NAME = AppIcon;
				CODE_SIGN_STYLE = Automatic;
				DEVELOPMENT_TEAM = S6Z3KXRJRZ;
				INFOPLIST_FILE = "$(SRCROOT)/TweetsFelt/Configuration/Info.plist";
				LD_RUNPATH_SEARCH_PATHS = (
					"$(inherited)",
					"@executable_path/Frameworks",
				);
				PRODUCT_BUNDLE_IDENTIFIER = com.randika.TweetsFelt;
				PRODUCT_NAME = "$(TARGET_NAME)";
				SWIFT_VERSION = 4.2;
				TARGETED_DEVICE_FAMILY = "1,2";
			};
			name = Debug;
		};
		202DD4BC229137580052F804 /* Release */ = {
			isa = XCBuildConfiguration;
			baseConfigurationReference = F8CEB0F841BD5D924BF59BEA /* Pods-TweetsFelt.release.xcconfig */;
			buildSettings = {
				ASSETCATALOG_COMPILER_APPICON_NAME = AppIcon;
				CODE_SIGN_STYLE = Automatic;
				DEVELOPMENT_TEAM = S6Z3KXRJRZ;
				INFOPLIST_FILE = "$(SRCROOT)/TweetsFelt/Configuration/Info.plist";
				LD_RUNPATH_SEARCH_PATHS = (
					"$(inherited)",
					"@executable_path/Frameworks",
				);
				PRODUCT_BUNDLE_IDENTIFIER = com.randika.TweetsFelt;
				PRODUCT_NAME = "$(TARGET_NAME)";
				SWIFT_VERSION = 4.2;
				TARGETED_DEVICE_FAMILY = "1,2";
			};
			name = Release;
		};
		202DD4BE229137580052F804 /* Debug */ = {
			isa = XCBuildConfiguration;
			baseConfigurationReference = D10CAE4BA918391150CD18CB /* Pods-TweetsFeltTests.debug.xcconfig */;
			buildSettings = {
				ALWAYS_EMBED_SWIFT_STANDARD_LIBRARIES = YES;
				BUNDLE_LOADER = "$(TEST_HOST)";
				CODE_SIGN_STYLE = Automatic;
				DEVELOPMENT_TEAM = S6Z3KXRJRZ;
				INFOPLIST_FILE = TweetsFeltTests/Info.plist;
				LD_RUNPATH_SEARCH_PATHS = (
					"$(inherited)",
					"@executable_path/Frameworks",
					"@loader_path/Frameworks",
				);
				PRODUCT_BUNDLE_IDENTIFIER = com.randika.TweetsFeltTests;
				PRODUCT_NAME = "$(TARGET_NAME)";
				SWIFT_VERSION = 4.2;
				TARGETED_DEVICE_FAMILY = "1,2";
				TEST_HOST = "$(BUILT_PRODUCTS_DIR)/TweetsFelt.app/TweetsFelt";
			};
			name = Debug;
		};
		202DD4BF229137580052F804 /* Release */ = {
			isa = XCBuildConfiguration;
			baseConfigurationReference = 471C747908C849791358E300 /* Pods-TweetsFeltTests.release.xcconfig */;
			buildSettings = {
				ALWAYS_EMBED_SWIFT_STANDARD_LIBRARIES = YES;
				BUNDLE_LOADER = "$(TEST_HOST)";
				CODE_SIGN_STYLE = Automatic;
				DEVELOPMENT_TEAM = S6Z3KXRJRZ;
				INFOPLIST_FILE = TweetsFeltTests/Info.plist;
				LD_RUNPATH_SEARCH_PATHS = (
					"$(inherited)",
					"@executable_path/Frameworks",
					"@loader_path/Frameworks",
				);
				PRODUCT_BUNDLE_IDENTIFIER = com.randika.TweetsFeltTests;
				PRODUCT_NAME = "$(TARGET_NAME)";
				SWIFT_VERSION = 4.2;
				TARGETED_DEVICE_FAMILY = "1,2";
				TEST_HOST = "$(BUILT_PRODUCTS_DIR)/TweetsFelt.app/TweetsFelt";
			};
			name = Release;
		};
		202DD4C1229137580052F804 /* Debug */ = {
			isa = XCBuildConfiguration;
			baseConfigurationReference = 0A249008AFB393A4C8D65A61 /* Pods-TweetsFeltUITests.debug.xcconfig */;
			buildSettings = {
				ALWAYS_EMBED_SWIFT_STANDARD_LIBRARIES = YES;
				CODE_SIGN_STYLE = Automatic;
				DEVELOPMENT_TEAM = S6Z3KXRJRZ;
				INFOPLIST_FILE = TweetsFeltUITests/Info.plist;
				LD_RUNPATH_SEARCH_PATHS = (
					"$(inherited)",
					"@executable_path/Frameworks",
					"@loader_path/Frameworks",
				);
				PRODUCT_BUNDLE_IDENTIFIER = com.randika.TweetsFeltUITests;
				PRODUCT_NAME = "$(TARGET_NAME)";
				SWIFT_VERSION = 4.2;
				TARGETED_DEVICE_FAMILY = "1,2";
				TEST_TARGET_NAME = TweetsFelt;
			};
			name = Debug;
		};
		202DD4C2229137580052F804 /* Release */ = {
			isa = XCBuildConfiguration;
			baseConfigurationReference = 3D6052042E34386E016EEE3C /* Pods-TweetsFeltUITests.release.xcconfig */;
			buildSettings = {
				ALWAYS_EMBED_SWIFT_STANDARD_LIBRARIES = YES;
				CODE_SIGN_STYLE = Automatic;
				DEVELOPMENT_TEAM = S6Z3KXRJRZ;
				INFOPLIST_FILE = TweetsFeltUITests/Info.plist;
				LD_RUNPATH_SEARCH_PATHS = (
					"$(inherited)",
					"@executable_path/Frameworks",
					"@loader_path/Frameworks",
				);
				PRODUCT_BUNDLE_IDENTIFIER = com.randika.TweetsFeltUITests;
				PRODUCT_NAME = "$(TARGET_NAME)";
				SWIFT_VERSION = 4.2;
				TARGETED_DEVICE_FAMILY = "1,2";
				TEST_TARGET_NAME = TweetsFelt;
			};
			name = Release;
		};
/* End XCBuildConfiguration section */

/* Begin XCConfigurationList section */
		202DD48D229137570052F804 /* Build configuration list for PBXProject "TweetsFelt" */ = {
			isa = XCConfigurationList;
			buildConfigurations = (
				202DD4B8229137580052F804 /* Debug */,
				202DD4B9229137580052F804 /* Release */,
			);
			defaultConfigurationIsVisible = 0;
			defaultConfigurationName = Release;
		};
		202DD4BA229137580052F804 /* Build configuration list for PBXNativeTarget "TweetsFelt" */ = {
			isa = XCConfigurationList;
			buildConfigurations = (
				202DD4BB229137580052F804 /* Debug */,
				202DD4BC229137580052F804 /* Release */,
			);
			defaultConfigurationIsVisible = 0;
			defaultConfigurationName = Release;
		};
		202DD4BD229137580052F804 /* Build configuration list for PBXNativeTarget "TweetsFeltTests" */ = {
			isa = XCConfigurationList;
			buildConfigurations = (
				202DD4BE229137580052F804 /* Debug */,
				202DD4BF229137580052F804 /* Release */,
			);
			defaultConfigurationIsVisible = 0;
			defaultConfigurationName = Release;
		};
		202DD4C0229137580052F804 /* Build configuration list for PBXNativeTarget "TweetsFeltUITests" */ = {
			isa = XCConfigurationList;
			buildConfigurations = (
				202DD4C1229137580052F804 /* Debug */,
				202DD4C2229137580052F804 /* Release */,
			);
			defaultConfigurationIsVisible = 0;
			defaultConfigurationName = Release;
		};
/* End XCConfigurationList section */
	};
	rootObject = 202DD48A229137570052F804 /* Project object */;
}
